// !$*UTF8*$!
{
	archiveVersion = 1;
	classes = {
	};
	objectVersion = 46;
	objects = {

/* Begin PBXBuildFile section */
		604387DA1F663FFB00CB765A /* CurrentUserTableViewCell.swift in Sources */ = {isa = PBXBuildFile; fileRef = 604387D91F663FFB00CB765A /* CurrentUserTableViewCell.swift */; };
		604387DC1F66400B00CB765A /* OthersUserTableViewCell.swift in Sources */ = {isa = PBXBuildFile; fileRef = 604387DB1F66400B00CB765A /* OthersUserTableViewCell.swift */; };
		847F1A51114C7899E0805DFA /* Pods_NextChat.framework in Frameworks */ = {isa = PBXBuildFile; fileRef = BEFB5AA88148069308D6EDC8 /* Pods_NextChat.framework */; };
		F81D11B71F63EC36007FEDBD /* ProfileViewController.swift in Sources */ = {isa = PBXBuildFile; fileRef = F81D11B61F63EC36007FEDBD /* ProfileViewController.swift */; };
		F81D11B91F640102007FEDBD /* MessageViewController.swift in Sources */ = {isa = PBXBuildFile; fileRef = F81D11B81F640102007FEDBD /* MessageViewController.swift */; };
		F81D11BB1F664642007FEDBD /* Message.swift in Sources */ = {isa = PBXBuildFile; fileRef = F81D11BA1F664642007FEDBD /* Message.swift */; };
		F8EA023E1F63C15500947178 /* AppDelegate.swift in Sources */ = {isa = PBXBuildFile; fileRef = F8EA023D1F63C15500947178 /* AppDelegate.swift */; };
		F8EA02401F63C15500947178 /* ViewController.swift in Sources */ = {isa = PBXBuildFile; fileRef = F8EA023F1F63C15500947178 /* ViewController.swift */; };
		F8EA02431F63C15500947178 /* Main.storyboard in Resources */ = {isa = PBXBuildFile; fileRef = F8EA02411F63C15500947178 /* Main.storyboard */; };
		F8EA02451F63C15500947178 /* Assets.xcassets in Resources */ = {isa = PBXBuildFile; fileRef = F8EA02441F63C15500947178 /* Assets.xcassets */; };
		F8EA02481F63C15500947178 /* LaunchScreen.storyboard in Resources */ = {isa = PBXBuildFile; fileRef = F8EA02461F63C15500947178 /* LaunchScreen.storyboard */; };
		F8EA02501F63C1A600947178 /* GoogleService-Info.plist in Resources */ = {isa = PBXBuildFile; fileRef = F8EA024F1F63C1A600947178 /* GoogleService-Info.plist */; };
		F8EA02521F63C2CA00947178 /* LoginViewController.swift in Sources */ = {isa = PBXBuildFile; fileRef = F8EA02511F63C2CA00947178 /* LoginViewController.swift */; };
		F8EA02541F63C2DA00947178 /* SignUpViewController.swift in Sources */ = {isa = PBXBuildFile; fileRef = F8EA02531F63C2DA00947178 /* SignUpViewController.swift */; };
		F8EA02561F63CCEE00947178 /* Contact.swift in Sources */ = {isa = PBXBuildFile; fileRef = F8EA02551F63CCEE00947178 /* Contact.swift */; };
		F8EA02581F63D48B00947178 /* ContactTableViewCell.swift in Sources */ = {isa = PBXBuildFile; fileRef = F8EA02571F63D48B00947178 /* ContactTableViewCell.swift */; };
/* End PBXBuildFile section */

/* Begin PBXFileReference section */
		131A31A23F495F4198717C1D /* Pods-NextChat.release.xcconfig */ = {isa = PBXFileReference; includeInIndex = 1; lastKnownFileType = text.xcconfig; name = "Pods-NextChat.release.xcconfig"; path = "Pods/Target Support Files/Pods-NextChat/Pods-NextChat.release.xcconfig"; sourceTree = "<group>"; };
		604387D91F663FFB00CB765A /* CurrentUserTableViewCell.swift */ = {isa = PBXFileReference; fileEncoding = 4; lastKnownFileType = sourcecode.swift; path = CurrentUserTableViewCell.swift; sourceTree = "<group>"; };
		604387DB1F66400B00CB765A /* OthersUserTableViewCell.swift */ = {isa = PBXFileReference; fileEncoding = 4; lastKnownFileType = sourcecode.swift; path = OthersUserTableViewCell.swift; sourceTree = "<group>"; };
		A91033B5DCC6E4087BC4A4D1 /* Pods-NextChat.debug.xcconfig */ = {isa = PBXFileReference; includeInIndex = 1; lastKnownFileType = text.xcconfig; name = "Pods-NextChat.debug.xcconfig"; path = "Pods/Target Support Files/Pods-NextChat/Pods-NextChat.debug.xcconfig"; sourceTree = "<group>"; };
		BEFB5AA88148069308D6EDC8 /* Pods_NextChat.framework */ = {isa = PBXFileReference; explicitFileType = wrapper.framework; includeInIndex = 0; path = Pods_NextChat.framework; sourceTree = BUILT_PRODUCTS_DIR; };
		F81D11B61F63EC36007FEDBD /* ProfileViewController.swift */ = {isa = PBXFileReference; fileEncoding = 4; lastKnownFileType = sourcecode.swift; path = ProfileViewController.swift; sourceTree = "<group>"; };
		F81D11B81F640102007FEDBD /* MessageViewController.swift */ = {isa = PBXFileReference; fileEncoding = 4; lastKnownFileType = sourcecode.swift; path = MessageViewController.swift; sourceTree = "<group>"; };
		F81D11BA1F664642007FEDBD /* Message.swift */ = {isa = PBXFileReference; fileEncoding = 4; lastKnownFileType = sourcecode.swift; path = Message.swift; sourceTree = "<group>"; };
		F8EA023A1F63C15500947178 /* NextChat.app */ = {isa = PBXFileReference; explicitFileType = wrapper.application; includeInIndex = 0; path = NextChat.app; sourceTree = BUILT_PRODUCTS_DIR; };
		F8EA023D1F63C15500947178 /* AppDelegate.swift */ = {isa = PBXFileReference; lastKnownFileType = sourcecode.swift; path = AppDelegate.swift; sourceTree = "<group>"; };
		F8EA023F1F63C15500947178 /* ViewController.swift */ = {isa = PBXFileReference; lastKnownFileType = sourcecode.swift; path = ViewController.swift; sourceTree = "<group>"; };
		F8EA02421F63C15500947178 /* Base */ = {isa = PBXFileReference; lastKnownFileType = file.storyboard; name = Base; path = Base.lproj/Main.storyboard; sourceTree = "<group>"; };
		F8EA02441F63C15500947178 /* Assets.xcassets */ = {isa = PBXFileReference; lastKnownFileType = folder.assetcatalog; path = Assets.xcassets; sourceTree = "<group>"; };
		F8EA02471F63C15500947178 /* Base */ = {isa = PBXFileReference; lastKnownFileType = file.storyboard; name = Base; path = Base.lproj/LaunchScreen.storyboard; sourceTree = "<group>"; };
		F8EA02491F63C15500947178 /* Info.plist */ = {isa = PBXFileReference; lastKnownFileType = text.plist.xml; path = Info.plist; sourceTree = "<group>"; };
		F8EA024F1F63C1A600947178 /* GoogleService-Info.plist */ = {isa = PBXFileReference; fileEncoding = 4; lastKnownFileType = text.plist.xml; path = "GoogleService-Info.plist"; sourceTree = "<group>"; };
		F8EA02511F63C2CA00947178 /* LoginViewController.swift */ = {isa = PBXFileReference; fileEncoding = 4; lastKnownFileType = sourcecode.swift; path = LoginViewController.swift; sourceTree = "<group>"; };
		F8EA02531F63C2DA00947178 /* SignUpViewController.swift */ = {isa = PBXFileReference; fileEncoding = 4; lastKnownFileType = sourcecode.swift; path = SignUpViewController.swift; sourceTree = "<group>"; };
		F8EA02551F63CCEE00947178 /* Contact.swift */ = {isa = PBXFileReference; fileEncoding = 4; lastKnownFileType = sourcecode.swift; path = Contact.swift; sourceTree = "<group>"; };
		F8EA02571F63D48B00947178 /* ContactTableViewCell.swift */ = {isa = PBXFileReference; fileEncoding = 4; lastKnownFileType = sourcecode.swift; path = ContactTableViewCell.swift; sourceTree = "<group>"; };
/* End PBXFileReference section */

/* Begin PBXFrameworksBuildPhase section */
		F8EA02371F63C15500947178 /* Frameworks */ = {
			isa = PBXFrameworksBuildPhase;
			buildActionMask = 2147483647;
			files = (
				847F1A51114C7899E0805DFA /* Pods_NextChat.framework in Frameworks */,
			);
			runOnlyForDeploymentPostprocessing = 0;
		};
/* End PBXFrameworksBuildPhase section */

/* Begin PBXGroup section */
		675E2B3C495F0A1BF9A7CB50 /* Pods */ = {
			isa = PBXGroup;
			children = (
				A91033B5DCC6E4087BC4A4D1 /* Pods-NextChat.debug.xcconfig */,
				131A31A23F495F4198717C1D /* Pods-NextChat.release.xcconfig */,
			);
			name = Pods;
			sourceTree = "<group>";
		};
		87610B5441A5940073DD62F7 /* Frameworks */ = {
			isa = PBXGroup;
			children = (
				BEFB5AA88148069308D6EDC8 /* Pods_NextChat.framework */,
			);
			name = Frameworks;
			sourceTree = "<group>";
		};
		F8EA02311F63C15500947178 = {
			isa = PBXGroup;
			children = (
				F8EA023C1F63C15500947178 /* NextChat */,
				F8EA023B1F63C15500947178 /* Products */,
				675E2B3C495F0A1BF9A7CB50 /* Pods */,
				87610B5441A5940073DD62F7 /* Frameworks */,
			);
			sourceTree = "<group>";
		};
		F8EA023B1F63C15500947178 /* Products */ = {
			isa = PBXGroup;
			children = (
				F8EA023A1F63C15500947178 /* NextChat.app */,
			);
			name = Products;
			sourceTree = "<group>";
		};
		F8EA023C1F63C15500947178 /* NextChat */ = {
			isa = PBXGroup;
			children = (
				F8EA023D1F63C15500947178 /* AppDelegate.swift */,
				F8EA023F1F63C15500947178 /* ViewController.swift */,
				F8EA02411F63C15500947178 /* Main.storyboard */,
				604387D91F663FFB00CB765A /* CurrentUserTableViewCell.swift */,
				604387DB1F66400B00CB765A /* OthersUserTableViewCell.swift */,
				F81D11B81F640102007FEDBD /* MessageViewController.swift */,
				F81D11B61F63EC36007FEDBD /* ProfileViewController.swift */,
				F8EA02571F63D48B00947178 /* ContactTableViewCell.swift */,
				F8EA02511F63C2CA00947178 /* LoginViewController.swift */,
				F8EA02531F63C2DA00947178 /* SignUpViewController.swift */,
				F8EA02551F63CCEE00947178 /* Contact.swift */,
				F81D11BA1F664642007FEDBD /* Message.swift */,
				F8EA02441F63C15500947178 /* Assets.xcassets */,
				F8EA02461F63C15500947178 /* LaunchScreen.storyboard */,
				F8EA02491F63C15500947178 /* Info.plist */,
				F8EA024F1F63C1A600947178 /* GoogleService-Info.plist */,
			);
			path = NextChat;
			sourceTree = "<group>";
		};
/* End PBXGroup section */

/* Begin PBXNativeTarget section */
		F8EA02391F63C15500947178 /* NextChat */ = {
			isa = PBXNativeTarget;
			buildConfigurationList = F8EA024C1F63C15500947178 /* Build configuration list for PBXNativeTarget "NextChat" */;
			buildPhases = (
				63AA7E074BCAF220519BCD5E /* [CP] Check Pods Manifest.lock */,
				F8EA02361F63C15500947178 /* Sources */,
				F8EA02371F63C15500947178 /* Frameworks */,
				F8EA02381F63C15500947178 /* Resources */,
				7CEE9A006EA6A30343A6F210 /* [CP] Embed Pods Frameworks */,
				58C39CA92C229016C1AE9329 /* [CP] Copy Pods Resources */,
			);
			buildRules = (
			);
			dependencies = (
			);
			name = NextChat;
			productName = NextChat;
			productReference = F8EA023A1F63C15500947178 /* NextChat.app */;
			productType = "com.apple.product-type.application";
		};
/* End PBXNativeTarget section */

/* Begin PBXProject section */
		F8EA02321F63C15500947178 /* Project object */ = {
			isa = PBXProject;
			attributes = {
				LastSwiftUpdateCheck = 0830;
				LastUpgradeCheck = 0830;
				ORGANIZATIONNAME = "Audrey Lim";
				TargetAttributes = {
					F8EA02391F63C15500947178 = {
						CreatedOnToolsVersion = 8.3.3;
						DevelopmentTeam = 77P5578ZUS;
						ProvisioningStyle = Automatic;
					};
				};
			};
			buildConfigurationList = F8EA02351F63C15500947178 /* Build configuration list for PBXProject "NextChat" */;
			compatibilityVersion = "Xcode 3.2";
			developmentRegion = English;
			hasScannedForEncodings = 0;
			knownRegions = (
				en,
				Base,
			);
			mainGroup = F8EA02311F63C15500947178;
			productRefGroup = F8EA023B1F63C15500947178 /* Products */;
			projectDirPath = "";
			projectRoot = "";
			targets = (
				F8EA02391F63C15500947178 /* NextChat */,
			);
		};
/* End PBXProject section */

/* Begin PBXResourcesBuildPhase section */
		F8EA02381F63C15500947178 /* Resources */ = {
			isa = PBXResourcesBuildPhase;
			buildActionMask = 2147483647;
			files = (
				F8EA02481F63C15500947178 /* LaunchScreen.storyboard in Resources */,
				F8EA02501F63C1A600947178 /* GoogleService-Info.plist in Resources */,
				F8EA02451F63C15500947178 /* Assets.xcassets in Resources */,
				F8EA02431F63C15500947178 /* Main.storyboard in Resources */,
			);
			runOnlyForDeploymentPostprocessing = 0;
		};
/* End PBXResourcesBuildPhase section */

/* Begin PBXShellScriptBuildPhase section */
		58C39CA92C229016C1AE9329 /* [CP] Copy Pods Resources */ = {
			isa = PBXShellScriptBuildPhase;
			buildActionMask = 2147483647;
			files = (
			);
			inputPaths = (
			);
			name = "[CP] Copy Pods Resources";
			outputPaths = (
			);
			runOnlyForDeploymentPostprocessing = 0;
			shellPath = /bin/sh;
			shellScript = "\"${SRCROOT}/Pods/Target Support Files/Pods-NextChat/Pods-NextChat-resources.sh\"\n";
			showEnvVarsInLog = 0;
		};
		63AA7E074BCAF220519BCD5E /* [CP] Check Pods Manifest.lock */ = {
			isa = PBXShellScriptBuildPhase;
			buildActionMask = 2147483647;
			files = (
			);
			inputPaths = (
				"${PODS_PODFILE_DIR_PATH}/Podfile.lock",
				"${PODS_ROOT}/Manifest.lock",
			);
			name = "[CP] Check Pods Manifest.lock";
			outputPaths = (
				"$(DERIVED_FILE_DIR)/Pods-NextChat-checkManifestLockResult.txt",
			);
			runOnlyForDeploymentPostprocessing = 0;
			shellPath = /bin/sh;
			shellScript = "diff \"${PODS_PODFILE_DIR_PATH}/Podfile.lock\" \"${PODS_ROOT}/Manifest.lock\" > /dev/null\nif [ $? != 0 ] ; then\n    # print error to STDERR\n    echo \"error: The sandbox is not in sync with the Podfile.lock. Run 'pod install' or update your CocoaPods installation.\" >&2\n    exit 1\nfi\n# This output is used by Xcode 'outputs' to avoid re-running this script phase.\necho \"SUCCESS\" > \"${SCRIPT_OUTPUT_FILE_0}\"\n";
			showEnvVarsInLog = 0;
		};
		7CEE9A006EA6A30343A6F210 /* [CP] Embed Pods Frameworks */ = {
			isa = PBXShellScriptBuildPhase;
			buildActionMask = 2147483647;
			files = (
			);
			inputPaths = (
				"${SRCROOT}/Pods/Target Support Files/Pods-NextChat/Pods-NextChat-frameworks.sh",
				"${BUILT_PRODUCTS_DIR}/GTMSessionFetcher/GTMSessionFetcher.framework",
				"${BUILT_PRODUCTS_DIR}/GoogleToolboxForMac/GoogleToolboxForMac.framework",
				"${BUILT_PRODUCTS_DIR}/leveldb-library/leveldb.framework",
				"${BUILT_PRODUCTS_DIR}/nanopb/nanopb.framework",
			);
			name = "[CP] Embed Pods Frameworks";
			outputPaths = (
				"${TARGET_BUILD_DIR}/${FRAMEWORKS_FOLDER_PATH}/GTMSessionFetcher.framework",
				"${TARGET_BUILD_DIR}/${FRAMEWORKS_FOLDER_PATH}/GoogleToolboxForMac.framework",
				"${TARGET_BUILD_DIR}/${FRAMEWORKS_FOLDER_PATH}/leveldb.framework",
				"${TARGET_BUILD_DIR}/${FRAMEWORKS_FOLDER_PATH}/nanopb.framework",
			);
			runOnlyForDeploymentPostprocessing = 0;
			shellPath = /bin/sh;
			shellScript = "\"${SRCROOT}/Pods/Target Support Files/Pods-NextChat/Pods-NextChat-frameworks.sh\"\n";
			showEnvVarsInLog = 0;
		};
/* End PBXShellScriptBuildPhase section */

/* Begin PBXSourcesBuildPhase section */
		F8EA02361F63C15500947178 /* Sources */ = {
			isa = PBXSourcesBuildPhase;
			buildActionMask = 2147483647;
			files = (
				604387DA1F663FFB00CB765A /* CurrentUserTableViewCell.swift in Sources */,
				F8EA02581F63D48B00947178 /* ContactTableViewCell.swift in Sources */,
				F8EA02521F63C2CA00947178 /* LoginViewController.swift in Sources */,
				604387DC1F66400B00CB765A /* OthersUserTableViewCell.swift in Sources */,
				F81D11B91F640102007FEDBD /* MessageViewController.swift in Sources */,
				F8EA02401F63C15500947178 /* ViewController.swift in Sources */,
				F81D11BB1F664642007FEDBD /* Message.swift in Sources */,
				F8EA02561F63CCEE00947178 /* Contact.swift in Sources */,
				F81D11B71F63EC36007FEDBD /* ProfileViewController.swift in Sources */,
				F8EA02541F63C2DA00947178 /* SignUpViewController.swift in Sources */,
				F8EA023E1F63C15500947178 /* AppDelegate.swift in Sources */,
			);
			runOnlyForDeploymentPostprocessing = 0;
		};
/* End PBXSourcesBuildPhase section */

/* Begin PBXVariantGroup section */
		F8EA02411F63C15500947178 /* Main.storyboard */ = {
			isa = PBXVariantGroup;
			children = (
				F8EA02421F63C15500947178 /* Base */,
			);
			name = Main.storyboard;
			sourceTree = "<group>";
		};
		F8EA02461F63C15500947178 /* LaunchScreen.storyboard */ = {
			isa = PBXVariantGroup;
			children = (
				F8EA02471F63C15500947178 /* Base */,
			);
			name = LaunchScreen.storyboard;
			sourceTree = "<group>";
		};
/* End PBXVariantGroup section */

/* Begin XCBuildConfiguration section */
		F8EA024A1F63C15500947178 /* Debug */ = {
			isa = XCBuildConfiguration;
			buildSettings = {
				ALWAYS_SEARCH_USER_PATHS = NO;
				CLANG_ANALYZER_NONNULL = YES;
				CLANG_ANALYZER_NUMBER_OBJECT_CONVERSION = YES_AGGRESSIVE;
				CLANG_CXX_LANGUAGE_STANDARD = "gnu++0x";
				CLANG_CXX_LIBRARY = "libc++";
				CLANG_ENABLE_MODULES = YES;
				CLANG_ENABLE_OBJC_ARC = YES;
				CLANG_WARN_BOOL_CONVERSION = YES;
				CLANG_WARN_CONSTANT_CONVERSION = YES;
				CLANG_WARN_DIRECT_OBJC_ISA_USAGE = YES_ERROR;
				CLANG_WARN_DOCUMENTATION_COMMENTS = YES;
				CLANG_WARN_EMPTY_BODY = YES;
				CLANG_WARN_ENUM_CONVERSION = YES;
				CLANG_WARN_INFINITE_RECURSION = YES;
				CLANG_WARN_INT_CONVERSION = YES;
				CLANG_WARN_OBJC_ROOT_CLASS = YES_ERROR;
				CLANG_WARN_SUSPICIOUS_MOVE = YES;
				CLANG_WARN_UNREACHABLE_CODE = YES;
				CLANG_WARN__DUPLICATE_METHOD_MATCH = YES;
				"CODE_SIGN_IDENTITY[sdk=iphoneos*]" = "iPhone Developer";
				COPY_PHASE_STRIP = NO;
				DEBUG_INFORMATION_FORMAT = dwarf;
				ENABLE_STRICT_OBJC_MSGSEND = YES;
				ENABLE_TESTABILITY = YES;
				GCC_C_LANGUAGE_STANDARD = gnu99;
				GCC_DYNAMIC_NO_PIC = NO;
				GCC_NO_COMMON_BLOCKS = YES;
				GCC_OPTIMIZATION_LEVEL = 0;
				GCC_PREPROCESSOR_DEFINITIONS = (
					"DEBUG=1",
					"$(inherited)",
				);
				GCC_WARN_64_TO_32_BIT_CONVERSION = YES;
				GCC_WARN_ABOUT_RETURN_TYPE = YES_ERROR;
				GCC_WARN_UNDECLARED_SELECTOR = YES;
				GCC_WARN_UNINITIALIZED_AUTOS = YES_AGGRESSIVE;
				GCC_WARN_UNUSED_FUNCTION = YES;
				GCC_WARN_UNUSED_VARIABLE = YES;
				IPHONEOS_DEPLOYMENT_TARGET = 10.3;
				MTL_ENABLE_DEBUG_INFO = YES;
				ONLY_ACTIVE_ARCH = YES;
				SDKROOT = iphoneos;
				SWIFT_ACTIVE_COMPILATION_CONDITIONS = DEBUG;
				SWIFT_OPTIMIZATION_LEVEL = "-Onone";
				TARGETED_DEVICE_FAMILY = "1,2";
			};
			name = Debug;
		};
		F8EA024B1F63C15500947178 /* Release */ = {
			isa = XCBuildConfiguration;
			buildSettings = {
				ALWAYS_SEARCH_USER_PATHS = NO;
				CLANG_ANALYZER_NONNULL = YES;
				CLANG_ANALYZER_NUMBER_OBJECT_CONVERSION = YES_AGGRESSIVE;
				CLANG_CXX_LANGUAGE_STANDARD = "gnu++0x";
				CLANG_CXX_LIBRARY = "libc++";
				CLANG_ENABLE_MODULES = YES;
				CLANG_ENABLE_OBJC_ARC = YES;
				CLANG_WARN_BOOL_CONVERSION = YES;
				CLANG_WARN_CONSTANT_CONVERSION = YES;
				CLANG_WARN_DIRECT_OBJC_ISA_USAGE = YES_ERROR;
				CLANG_WARN_DOCUMENTATION_COMMENTS = YES;
				CLANG_WARN_EMPTY_BODY = YES;
				CLANG_WARN_ENUM_CONVERSION = YES;
				CLANG_WARN_INFINITE_RECURSION = YES;
				CLANG_WARN_INT_CONVERSION = YES;
				CLANG_WARN_OBJC_ROOT_CLASS = YES_ERROR;
				CLANG_WARN_SUSPICIOUS_MOVE = YES;
				CLANG_WARN_UNREACHABLE_CODE = YES;
				CLANG_WARN__DUPLICATE_METHOD_MATCH = YES;
				"CODE_SIGN_IDENTITY[sdk=iphoneos*]" = "iPhone Developer";
				COPY_PHASE_STRIP = NO;
				DEBUG_INFORMATION_FORMAT = "dwarf-with-dsym";
				ENABLE_NS_ASSERTIONS = NO;
				ENABLE_STRICT_OBJC_MSGSEND = YES;
				GCC_C_LANGUAGE_STANDARD = gnu99;
				GCC_NO_COMMON_BLOCKS = YES;
				GCC_WARN_64_TO_32_BIT_CONVERSION = YES;
				GCC_WARN_ABOUT_RETURN_TYPE = YES_ERROR;
				GCC_WARN_UNDECLARED_SELECTOR = YES;
				GCC_WARN_UNINITIALIZED_AUTOS = YES_AGGRESSIVE;
				GCC_WARN_UNUSED_FUNCTION = YES;
				GCC_WARN_UNUSED_VARIABLE = YES;
				IPHONEOS_DEPLOYMENT_TARGET = 10.3;
				MTL_ENABLE_DEBUG_INFO = NO;
				SDKROOT = iphoneos;
				SWIFT_OPTIMIZATION_LEVEL = "-Owholemodule";
				TARGETED_DEVICE_FAMILY = "1,2";
				VALIDATE_PRODUCT = YES;
			};
			name = Release;
		};
		F8EA024D1F63C15500947178 /* Debug */ = {
			isa = XCBuildConfiguration;
			baseConfigurationReference = A91033B5DCC6E4087BC4A4D1 /* Pods-NextChat.debug.xcconfig */;
			buildSettings = {
				ASSETCATALOG_COMPILER_APPICON_NAME = AppIcon;
				DEVELOPMENT_TEAM = 77P5578ZUS;
				INFOPLIST_FILE = NextChat/Info.plist;
				LD_RUNPATH_SEARCH_PATHS = "$(inherited) @executable_path/Frameworks";
				PRODUCT_BUNDLE_IDENTIFIER = com.example.NextChat;
				PRODUCT_NAME = "$(TARGET_NAME)";
				SWIFT_VERSION = 3.0;
			};
			name = Debug;
		};
		F8EA024E1F63C15500947178 /* Release */ = {
			isa = XCBuildConfiguration;
			baseConfigurationReference = 131A31A23F495F4198717C1D /* Pods-NextChat.release.xcconfig */;
			buildSettings = {
				ASSETCATALOG_COMPILER_APPICON_NAME = AppIcon;
				DEVELOPMENT_TEAM = 77P5578ZUS;
				INFOPLIST_FILE = NextChat/Info.plist;
				LD_RUNPATH_SEARCH_PATHS = "$(inherited) @executable_path/Frameworks";
				PRODUCT_BUNDLE_IDENTIFIER = com.example.NextChat;
				PRODUCT_NAME = "$(TARGET_NAME)";
				SWIFT_VERSION = 3.0;
			};
			name = Release;
		};
/* End XCBuildConfiguration section */

/* Begin XCConfigurationList section */
		F8EA02351F63C15500947178 /* Build configuration list for PBXProject "NextChat" */ = {
			isa = XCConfigurationList;
			buildConfigurations = (
				F8EA024A1F63C15500947178 /* Debug */,
				F8EA024B1F63C15500947178 /* Release */,
			);
			defaultConfigurationIsVisible = 0;
			defaultConfigurationName = Release;
		};
		F8EA024C1F63C15500947178 /* Build configuration list for PBXNativeTarget "NextChat" */ = {
			isa = XCConfigurationList;
			buildConfigurations = (
				F8EA024D1F63C15500947178 /* Debug */,
				F8EA024E1F63C15500947178 /* Release */,
			);
			defaultConfigurationIsVisible = 0;
			defaultConfigurationName = Release;
		};
/* End XCConfigurationList section */
	};
	rootObject = F8EA02321F63C15500947178 /* Project object */;
}
